// !$*UTF8*$!
{
	archiveVersion = 1;
	classes = {
	};
	objectVersion = 50;
	objects = {

/* Begin PBXBuildFile section */
		96623C9526D33D0900EE3F74 /* AppDelegate.swift in Sources */ = {isa = PBXBuildFile; fileRef = 96623C9426D33D0900EE3F74 /* AppDelegate.swift */; };
		96623C9726D33D0900EE3F74 /* SceneDelegate.swift in Sources */ = {isa = PBXBuildFile; fileRef = 96623C9626D33D0900EE3F74 /* SceneDelegate.swift */; };
		96623C9C26D33D0900EE3F74 /* Main.storyboard in Resources */ = {isa = PBXBuildFile; fileRef = 96623C9A26D33D0900EE3F74 /* Main.storyboard */; };
		96623C9F26D33D0900EE3F74 /* Medi.xcdatamodeld in Sources */ = {isa = PBXBuildFile; fileRef = 96623C9D26D33D0900EE3F74 /* Medi.xcdatamodeld */; };
		96623CA126D33D0A00EE3F74 /* Assets.xcassets in Resources */ = {isa = PBXBuildFile; fileRef = 96623CA026D33D0A00EE3F74 /* Assets.xcassets */; };
		96623CA426D33D0A00EE3F74 /* LaunchScreen.storyboard in Resources */ = {isa = PBXBuildFile; fileRef = 96623CA226D33D0A00EE3F74 /* LaunchScreen.storyboard */; };
		96623CAD26D3771000EE3F74 /* Model.swift in Sources */ = {isa = PBXBuildFile; fileRef = 96623CAC26D3771000EE3F74 /* Model.swift */; };
		96623CAF26D37A9200EE3F74 /* MemoListTableViewController.swift in Sources */ = {isa = PBXBuildFile; fileRef = 96623CAE26D37A9200EE3F74 /* MemoListTableViewController.swift */; };
		96623CB126D389A500EE3F74 /* ComposeViewController.swift in Sources */ = {isa = PBXBuildFile; fileRef = 96623CB026D389A500EE3F74 /* ComposeViewController.swift */; };
		96623CB326D3C48500EE3F74 /* DetailViewController.swift in Sources */ = {isa = PBXBuildFile; fileRef = 96623CB226D3C48500EE3F74 /* DetailViewController.swift */; };
		967AD72A26D472BB00A00500 /* DataManager.swift in Sources */ = {isa = PBXBuildFile; fileRef = 967AD72926D472BB00A00500 /* DataManager.swift */; };
/* End PBXBuildFile section */

/* Begin PBXFileReference section */
		96623C9126D33D0900EE3F74 /* Medi.app */ = {isa = PBXFileReference; explicitFileType = wrapper.application; includeInIndex = 0; path = Medi.app; sourceTree = BUILT_PRODUCTS_DIR; };
		96623C9426D33D0900EE3F74 /* AppDelegate.swift */ = {isa = PBXFileReference; lastKnownFileType = sourcecode.swift; path = AppDelegate.swift; sourceTree = "<group>"; };
		96623C9626D33D0900EE3F74 /* SceneDelegate.swift */ = {isa = PBXFileReference; lastKnownFileType = sourcecode.swift; path = SceneDelegate.swift; sourceTree = "<group>"; };
		96623C9B26D33D0900EE3F74 /* Base */ = {isa = PBXFileReference; lastKnownFileType = file.storyboard; name = Base; path = Base.lproj/Main.storyboard; sourceTree = "<group>"; };
		96623C9E26D33D0900EE3F74 /* Medi.xcdatamodel */ = {isa = PBXFileReference; lastKnownFileType = wrapper.xcdatamodel; path = Medi.xcdatamodel; sourceTree = "<group>"; };
		96623CA026D33D0A00EE3F74 /* Assets.xcassets */ = {isa = PBXFileReference; lastKnownFileType = folder.assetcatalog; path = Assets.xcassets; sourceTree = "<group>"; };
		96623CA326D33D0A00EE3F74 /* Base */ = {isa = PBXFileReference; lastKnownFileType = file.storyboard; name = Base; path = Base.lproj/LaunchScreen.storyboard; sourceTree = "<group>"; };
		96623CA526D33D0A00EE3F74 /* Info.plist */ = {isa = PBXFileReference; lastKnownFileType = text.plist.xml; path = Info.plist; sourceTree = "<group>"; };
		96623CAC26D3771000EE3F74 /* Model.swift */ = {isa = PBXFileReference; lastKnownFileType = sourcecode.swift; path = Model.swift; sourceTree = "<group>"; };
		96623CAE26D37A9200EE3F74 /* MemoListTableViewController.swift */ = {isa = PBXFileReference; lastKnownFileType = sourcecode.swift; path = MemoListTableViewController.swift; sourceTree = "<group>"; };
		96623CB026D389A500EE3F74 /* ComposeViewController.swift */ = {isa = PBXFileReference; lastKnownFileType = sourcecode.swift; path = ComposeViewController.swift; sourceTree = "<group>"; };
		96623CB226D3C48500EE3F74 /* DetailViewController.swift */ = {isa = PBXFileReference; lastKnownFileType = sourcecode.swift; path = DetailViewController.swift; sourceTree = "<group>"; };
		967AD72926D472BB00A00500 /* DataManager.swift */ = {isa = PBXFileReference; lastKnownFileType = sourcecode.swift; path = DataManager.swift; sourceTree = "<group>"; };
/* End PBXFileReference section */

/* Begin PBXFrameworksBuildPhase section */
		96623C8E26D33D0900EE3F74 /* Frameworks */ = {
			isa = PBXFrameworksBuildPhase;
			buildActionMask = 2147483647;
			files = (
			);
			runOnlyForDeploymentPostprocessing = 0;
		};
/* End PBXFrameworksBuildPhase section */

/* Begin PBXGroup section */
		96623C8826D33D0900EE3F74 = {
			isa = PBXGroup;
			children = (
				96623C9326D33D0900EE3F74 /* Medi */,
				96623C9226D33D0900EE3F74 /* Products */,
			);
			sourceTree = "<group>";
		};
		96623C9226D33D0900EE3F74 /* Products */ = {
			isa = PBXGroup;
			children = (
				96623C9126D33D0900EE3F74 /* Medi.app */,
			);
			name = Products;
			sourceTree = "<group>";
		};
		96623C9326D33D0900EE3F74 /* Medi */ = {
			isa = PBXGroup;
			children = (
				96623CAB26D376E400EE3F74 /* Model */,
				96623C9426D33D0900EE3F74 /* AppDelegate.swift */,
				96623C9626D33D0900EE3F74 /* SceneDelegate.swift */,
				96623C9A26D33D0900EE3F74 /* Main.storyboard */,
				96623CA026D33D0A00EE3F74 /* Assets.xcassets */,
				96623CA226D33D0A00EE3F74 /* LaunchScreen.storyboard */,
				96623CA526D33D0A00EE3F74 /* Info.plist */,
				96623C9D26D33D0900EE3F74 /* Medi.xcdatamodeld */,
				96623CAE26D37A9200EE3F74 /* MemoListTableViewController.swift */,
				96623CB026D389A500EE3F74 /* ComposeViewController.swift */,
				96623CB226D3C48500EE3F74 /* DetailViewController.swift */,
				967AD72926D472BB00A00500 /* DataManager.swift */,
			);
			path = Medi;
			sourceTree = "<group>";
		};
		96623CAB26D376E400EE3F74 /* Model */ = {
			isa = PBXGroup;
			children = (
				96623CAC26D3771000EE3F74 /* Model.swift */,
			);
			path = Model;
			sourceTree = "<group>";
		};
/* End PBXGroup section */

/* Begin PBXNativeTarget section */
		96623C9026D33D0900EE3F74 /* Medi */ = {
			isa = PBXNativeTarget;
			buildConfigurationList = 96623CA826D33D0A00EE3F74 /* Build configuration list for PBXNativeTarget "Medi" */;
			buildPhases = (
				96623C8D26D33D0900EE3F74 /* Sources */,
				96623C8E26D33D0900EE3F74 /* Frameworks */,
				96623C8F26D33D0900EE3F74 /* Resources */,
			);
			buildRules = (
			);
			dependencies = (
			);
			name = Medi;
			productName = Medi;
			productReference = 96623C9126D33D0900EE3F74 /* Medi.app */;
			productType = "com.apple.product-type.application";
		};
/* End PBXNativeTarget section */

/* Begin PBXProject section */
		96623C8926D33D0900EE3F74 /* Project object */ = {
			isa = PBXProject;
			attributes = {
				LastSwiftUpdateCheck = 1250;
				LastUpgradeCheck = 1250;
				TargetAttributes = {
					96623C9026D33D0900EE3F74 = {
						CreatedOnToolsVersion = 12.5.1;
					};
				};
			};
			buildConfigurationList = 96623C8C26D33D0900EE3F74 /* Build configuration list for PBXProject "Medi" */;
			compatibilityVersion = "Xcode 9.3";
			developmentRegion = en;
			hasScannedForEncodings = 0;
			knownRegions = (
				en,
				Base,
			);
			mainGroup = 96623C8826D33D0900EE3F74;
			productRefGroup = 96623C9226D33D0900EE3F74 /* Products */;
			projectDirPath = "";
			projectRoot = "";
			targets = (
				96623C9026D33D0900EE3F74 /* Medi */,
			);
		};
/* End PBXProject section */

/* Begin PBXResourcesBuildPhase section */
		96623C8F26D33D0900EE3F74 /* Resources */ = {
			isa = PBXResourcesBuildPhase;
			buildActionMask = 2147483647;
			files = (
				96623CA426D33D0A00EE3F74 /* LaunchScreen.storyboard in Resources */,
				96623CA126D33D0A00EE3F74 /* Assets.xcassets in Resources */,
				96623C9C26D33D0900EE3F74 /* Main.storyboard in Resources */,
			);
			runOnlyForDeploymentPostprocessing = 0;
		};
/* End PBXResourcesBuildPhase section */

/* Begin PBXSourcesBuildPhase section */
		96623C8D26D33D0900EE3F74 /* Sources */ = {
			isa = PBXSourcesBuildPhase;
			buildActionMask = 2147483647;
			files = (
				96623C9F26D33D0900EE3F74 /* Medi.xcdatamodeld in Sources */,
				967AD72A26D472BB00A00500 /* DataManager.swift in Sources */,
				96623C9526D33D0900EE3F74 /* AppDelegate.swift in Sources */,
				96623CAF26D37A9200EE3F74 /* MemoListTableViewController.swift in Sources */,
				96623CB126D389A500EE3F74 /* ComposeViewController.swift in Sources */,
				96623C9726D33D0900EE3F74 /* SceneDelegate.swift in Sources */,
				96623CAD26D3771000EE3F74 /* Model.swift in Sources */,
				96623CB326D3C48500EE3F74 /* DetailViewController.swift in Sources */,
			);
			runOnlyForDeploymentPostprocessing = 0;
		};
/* End PBXSourcesBuildPhase section */

/* Begin PBXVariantGroup section */
		96623C9A26D33D0900EE3F74 /* Main.storyboard */ = {
			isa = PBXVariantGroup;
			children = (
				96623C9B26D33D0900EE3F74 /* Base */,
			);
			name = Main.storyboard;
			sourceTree = "<group>";
		};
		96623CA226D33D0A00EE3F74 /* LaunchScreen.storyboard */ = {
			isa = PBXVariantGroup;
			children = (
				96623CA326D33D0A00EE3F74 /* Base */,
			);
			name = LaunchScreen.storyboard;
			sourceTree = "<group>";
		};
/* End PBXVariantGroup section */

/* Begin XCBuildConfiguration section */
		96623CA626D33D0A00EE3F74 /* Debug */ = {
			isa = XCBuildConfiguration;
			buildSettings = {
				ALWAYS_SEARCH_USER_PATHS = NO;
				CLANG_ANALYZER_NONNULL = YES;
				CLANG_ANALYZER_NUMBER_OBJECT_CONVERSION = YES_AGGRESSIVE;
				CLANG_CXX_LANGUAGE_STANDARD = "gnu++14";
				CLANG_CXX_LIBRARY = "libc++";
				CLANG_ENABLE_MODULES = YES;
				CLANG_ENABLE_OBJC_ARC = YES;
				CLANG_ENABLE_OBJC_WEAK = YES;
				CLANG_WARN_BLOCK_CAPTURE_AUTORELEASING = YES;
				CLANG_WARN_BOOL_CONVERSION = YES;
				CLANG_WARN_COMMA = YES;
				CLANG_WARN_CONSTANT_CONVERSION = YES;
				CLANG_WARN_DEPRECATED_OBJC_IMPLEMENTATIONS = YES;
				CLANG_WARN_DIRECT_OBJC_ISA_USAGE = YES_ERROR;
				CLANG_WARN_DOCUMENTATION_COMMENTS = YES;
				CLANG_WARN_EMPTY_BODY = YES;
				CLANG_WARN_ENUM_CONVERSION = YES;
				CLANG_WARN_INFINITE_RECURSION = YES;
				CLANG_WARN_INT_CONVERSION = YES;
				CLANG_WARN_NON_LITERAL_NULL_CONVERSION = YES;
				CLANG_WARN_OBJC_IMPLICIT_RETAIN_SELF = YES;
				CLANG_WARN_OBJC_LITERAL_CONVERSION = YES;
				CLANG_WARN_OBJC_ROOT_CLASS = YES_ERROR;
				CLANG_WARN_QUOTED_INCLUDE_IN_FRAMEWORK_HEADER = YES;
				CLANG_WARN_RANGE_LOOP_ANALYSIS = YES;
				CLANG_WARN_STRICT_PROTOTYPES = YES;
				CLANG_WARN_SUSPICIOUS_MOVE = YES;
				CLANG_WARN_UNGUARDED_AVAILABILITY = YES_AGGRESSIVE;
				CLANG_WARN_UNREACHABLE_CODE = YES;
				CLANG_WARN__DUPLICATE_METHOD_MATCH = YES;
				COPY_PHASE_STRIP = NO;
				DEBUG_INFORMATION_FORMAT = dwarf;
				ENABLE_STRICT_OBJC_MSGSEND = YES;
				ENABLE_TESTABILITY = YES;
				GCC_C_LANGUAGE_STANDARD = gnu11;
				GCC_DYNAMIC_NO_PIC = NO;
				GCC_NO_COMMON_BLOCKS = YES;
				GCC_OPTIMIZATION_LEVEL = 0;
				GCC_PREPROCESSOR_DEFINITIONS = (
					"DEBUG=1",
					"$(inherited)",
				);
				GCC_WARN_64_TO_32_BIT_CONVERSION = YES;
				GCC_WARN_ABOUT_RETURN_TYPE = YES_ERROR;
				GCC_WARN_UNDECLARED_SELECTOR = YES;
				GCC_WARN_UNINITIALIZED_AUTOS = YES_AGGRESSIVE;
				GCC_WARN_UNUSED_FUNCTION = YES;
				GCC_WARN_UNUSED_VARIABLE = YES;
				IPHONEOS_DEPLOYMENT_TARGET = 14.5;
				MTL_ENABLE_DEBUG_INFO = INCLUDE_SOURCE;
				MTL_FAST_MATH = YES;
				ONLY_ACTIVE_ARCH = YES;
				SDKROOT = iphoneos;
				SWIFT_ACTIVE_COMPILATION_CONDITIONS = DEBUG;
				SWIFT_OPTIMIZATION_LEVEL = "-Onone";
			};
			name = Debug;
		};
		96623CA726D33D0A00EE3F74 /* Release */ = {
			isa = XCBuildConfiguration;
			buildSettings = {
				ALWAYS_SEARCH_USER_PATHS = NO;
				CLANG_ANALYZER_NONNULL = YES;
				CLANG_ANALYZER_NUMBER_OBJECT_CONVERSION = YES_AGGRESSIVE;
				CLANG_CXX_LANGUAGE_STANDARD = "gnu++14";
				CLANG_CXX_LIBRARY = "libc++";
				CLANG_ENABLE_MODULES = YES;
				CLANG_ENABLE_OBJC_ARC = YES;
				CLANG_ENABLE_OBJC_WEAK = YES;
				CLANG_WARN_BLOCK_CAPTURE_AUTORELEASING = YES;
				CLANG_WARN_BOOL_CONVERSION = YES;
				CLANG_WARN_COMMA = YES;
				CLANG_WARN_CONSTANT_CONVERSION = YES;
				CLANG_WARN_DEPRECATED_OBJC_IMPLEMENTATIONS = YES;
				CLANG_WARN_DIRECT_OBJC_ISA_USAGE = YES_ERROR;
				CLANG_WARN_DOCUMENTATION_COMMENTS = YES;
				CLANG_WARN_EMPTY_BODY = YES;
				CLANG_WARN_ENUM_CONVERSION = YES;
				CLANG_WARN_INFINITE_RECURSION = YES;
				CLANG_WARN_INT_CONVERSION = YES;
				CLANG_WARN_NON_LITERAL_NULL_CONVERSION = YES;
				CLANG_WARN_OBJC_IMPLICIT_RETAIN_SELF = YES;
				CLANG_WARN_OBJC_LITERAL_CONVERSION = YES;
				CLANG_WARN_OBJC_ROOT_CLASS = YES_ERROR;
				CLANG_WARN_QUOTED_INCLUDE_IN_FRAMEWORK_HEADER = YES;
				CLANG_WARN_RANGE_LOOP_ANALYSIS = YES;
				CLANG_WARN_STRICT_PROTOTYPES = YES;
				CLANG_WARN_SUSPICIOUS_MOVE = YES;
				CLANG_WARN_UNGUARDED_AVAILABILITY = YES_AGGRESSIVE;
				CLANG_WARN_UNREACHABLE_CODE = YES;
				CLANG_WARN__DUPLICATE_METHOD_MATCH = YES;
				COPY_PHASE_STRIP = NO;
				DEBUG_INFORMATION_FORMAT = "dwarf-with-dsym";
				ENABLE_NS_ASSERTIONS = NO;
				ENABLE_STRICT_OBJC_MSGSEND = YES;
				GCC_C_LANGUAGE_STANDARD = gnu11;
				GCC_NO_COMMON_BLOCKS = YES;
				GCC_WARN_64_TO_32_BIT_CONVERSION = YES;
				GCC_WARN_ABOUT_RETURN_TYPE = YES_ERROR;
				GCC_WARN_UNDECLARED_SELECTOR = YES;
				GCC_WARN_UNINITIALIZED_AUTOS = YES_AGGRESSIVE;
				GCC_WARN_UNUSED_FUNCTION = YES;
				GCC_WARN_UNUSED_VARIABLE = YES;
				IPHONEOS_DEPLOYMENT_TARGET = 14.5;
				MTL_ENABLE_DEBUG_INFO = NO;
				MTL_FAST_MATH = YES;
				SDKROOT = iphoneos;
				SWIFT_COMPILATION_MODE = wholemodule;
				SWIFT_OPTIMIZATION_LEVEL = "-O";
				VALIDATE_PRODUCT = YES;
			};
			name = Release;
		};
		96623CA926D33D0A00EE3F74 /* Debug */ = {
			isa = XCBuildConfiguration;
			buildSettings = {
				ASSETCATALOG_COMPILER_APPICON_NAME = AppIcon;
				ASSETCATALOG_COMPILER_GLOBAL_ACCENT_COLOR_NAME = AccentColor;
				CODE_SIGN_STYLE = Automatic;
				DEVELOPMENT_TEAM = HQ9FUF42KN;
				INFOPLIST_FILE = Medi/Info.plist;
				IPHONEOS_DEPLOYMENT_TARGET = 14.1;
				LD_RUNPATH_SEARCH_PATHS = (
					"$(inherited)",
					"@executable_path/Frameworks",
				);
				PRODUCT_BUNDLE_IDENTIFIER = medi.Medi;
				PRODUCT_NAME = "$(TARGET_NAME)";
				SWIFT_VERSION = 5.0;
				TARGETED_DEVICE_FAMILY = "1,2";
			};
			name = Debug;
		};
		96623CAA26D33D0A00EE3F74 /* Release */ = {
			isa = XCBuildConfiguration;
			buildSettings = {
				ASSETCATALOG_COMPILER_APPICON_NAME = AppIcon;
				ASSETCATALOG_COMPILER_GLOBAL_ACCENT_COLOR_NAME = AccentColor;
				CODE_SIGN_STYLE = Automatic;
				DEVELOPMENT_TEAM = HQ9FUF42KN;
				INFOPLIST_FILE = Medi/Info.plist;
				IPHONEOS_DEPLOYMENT_TARGET = 14.1;
				LD_RUNPATH_SEARCH_PATHS = (
					"$(inherited)",
					"@executable_path/Frameworks",
				);
				PRODUCT_BUNDLE_IDENTIFIER = medi.Medi;
				PRODUCT_NAME = "$(TARGET_NAME)";
				SWIFT_VERSION = 5.0;
				TARGETED_DEVICE_FAMILY = "1,2";
			};
			name = Release;
		};
/* End XCBuildConfiguration section */

/* Begin XCConfigurationList section */
		96623C8C26D33D0900EE3F74 /* Build configuration list for PBXProject "Medi" */ = {
			isa = XCConfigurationList;
			buildConfigurations = (
				96623CA626D33D0A00EE3F74 /* Debug */,
				96623CA726D33D0A00EE3F74 /* Release */,
			);
			defaultConfigurationIsVisible = 0;
			defaultConfigurationName = Release;
		};
		96623CA826D33D0A00EE3F74 /* Build configuration list for PBXNativeTarget "Medi" */ = {
			isa = XCConfigurationList;
			buildConfigurations = (
				96623CA926D33D0A00EE3F74 /* Debug */,
				96623CAA26D33D0A00EE3F74 /* Release */,
			);
			defaultConfigurationIsVisible = 0;
			defaultConfigurationName = Release;
		};
/* End XCConfigurationList section */

/* Begin XCVersionGroup section */
		96623C9D26D33D0900EE3F74 /* Medi.xcdatamodeld */ = {
			isa = XCVersionGroup;
			children = (
				96623C9E26D33D0900EE3F74 /* Medi.xcdatamodel */,
			);
			currentVersion = 96623C9E26D33D0900EE3F74 /* Medi.xcdatamodel */;
			path = Medi.xcdatamodeld;
			sourceTree = "<group>";
			versionGroupType = wrapper.xcdatamodel;
		};
/* End XCVersionGroup section */
	};
	rootObject = 96623C8926D33D0900EE3F74 /* Project object */;
}
